{
  "requires": true,
  "lockfileVersion": 1,
  "dependencies": {
    "react-alice-carousel": {
      "version": "2.1.0",
      "resolved": "https://registry.npmjs.org/react-alice-carousel/-/react-alice-carousel-2.1.0.tgz",
      "integrity": "sha512-AprO4ndVhi9aYYZ4LhTiDT/1oSMikITYG5HsHrU8FKlFN74Ph7xzi8Gm/d3QtoaWbZ2dg+B+RZw0u7z0DdQk/g==",
      "requires": {
        "vanilla-swipe": "^2.2.0"
      }
    },
    "react-icons": {
      "version": "4.1.0",
      "resolved": "https://registry.npmjs.org/react-icons/-/react-icons-4.1.0.tgz",
      "integrity": "sha512-FCXBg1JbbR0vWALXIxmFAfozHdVIJmmwCD81Jk0EKOt7Ax4AdBNcaRkWhR0NaKy9ugJgoY3fFvo0PHpte55pXg=="
    },
    "vanilla-swipe": {
      "version": "2.3.0",
      "resolved": "https://registry.npmjs.org/vanilla-swipe/-/vanilla-swipe-2.3.0.tgz",
      "integrity": "sha512-4m8vZ/kckRG7RQUYNg+0lGILMHT08KEgwePlRLzediDSu7aQFBLB0V2n36vUmYqq5CVWASOzZ8zpnQFZXIbHbA=="
    }
  }
}
